
Microsoft Visual Studio Solution File, Format Version 12.00
# Visual Studio Version 17
VisualStudioVersion = 17.14.36414.22 d17.14
MinimumVisualStudioVersion = 10.0.40219.1
Project("{FAE04EC0-301F-11D3-BF4B-00C04F79EFBC}") = "PRG282_Project", "PRG282_Project.csproj", "{60ACA161-0348-426C-A4A2-81407A4FBBE9}"
EndProject
Global
	GlobalSection(SolutionConfigurationPlatforms) = preSolution
		Debug|Any CPU = Debug|Any CPU
		Release|Any CPU = Release|Any CPU
	EndGlobalSection
	GlobalSection(ProjectConfigurationPlatforms) = postSolution
		{60ACA161-0348-426C-A4A2-81407A4FBBE9}.Debug|Any CPU.ActiveCfg = Debug|Any CPU
		{60ACA161-0348-426C-A4A2-81407A4FBBE9}.Debug|Any CPU.Build.0 = Debug|Any CPU
		{60ACA161-0348-426C-A4A2-81407A4FBBE9}.Release|Any CPU.ActiveCfg = Release|Any CPU
		{60ACA161-0348-426C-A4A2-81407A4FBBE9}.Release|Any CPU.Build.0 = Release|Any CPU
	EndGlobalSection
	GlobalSection(SolutionProperties) = preSolution
		HideSolutionNode = FALSE
	EndGlobalSection
	GlobalSection(ExtensibilityGlobals) = postSolution
		SolutionGuid = {9E0EC137-DBE0-4DDD-9C16-6AE0BE007EA8}
	EndGlobalSection
EndGlobal
